Microsoft Visual Studio Solution File, Format Version 12.00
# Visual Studio Version 16
VisualStudioVersion = 16.0.28606.126
MinimumVisualStudioVersion = 10.0.40219.1
Project("{2150E333-8FDC-42A3-9474-1A3956D46DE8}") = "src", "src", "{7A2B7ADD-ECB5-4D00-AA6A-D45BD11C97CF}"
EndProject
Project("{2150E333-8FDC-42A3-9474-1A3956D46DE8}") = "test", "test", "{24B15015-62E5-42E1-9BA0-ECE6BE7AA15F}"
EndProject
Project("{2150E333-8FDC-42A3-9474-1A3956D46DE8}") = "Solution Items", "Solution Items", "{C5B4D998-CECB-454D-9F32-085A897577BE}"
	ProjectSection(SolutionItems) = preProject
		.gitignore = .gitignore
		.travis.yml = .travis.yml
		appveyor.yml = appveyor.yml
		Build.ps1 = Build.ps1
		build.sh = build.sh
		Directory.Build.props = Directory.Build.props
		README.md = README.md
	EndProjectSection
EndProject
Project("{2150E333-8FDC-42A3-9474-1A3956D46DE8}") = "Examples", "Examples", "{026FBC6C-AF76-4568-9B87-EC73457899FD}"
EndProject
Project("{2150E333-8FDC-42A3-9474-1A3956D46DE8}") = "benchmarks", "benchmarks", "{076E1AE4-FD25-4684-B826-CAAE37FEA0AA}"
EndProject
Project("{FAE04EC0-301F-11D3-BF4B-00C04F79EFBC}") = "JsonApiDotNetCore", "src\JsonApiDotNetCore\JsonApiDotNetCore.csproj", "{9D36BE59-7C14-448B-984D-93A0E7816314}"
EndProject
Project("{FAE04EC0-301F-11D3-BF4B-00C04F79EFBC}") = "JsonApiDotNetCoreExample", "src\Examples\JsonApiDotNetCoreExample\JsonApiDotNetCoreExample.csproj", "{27FA7CD3-8DCD-4104-9AB4-B2D927F421B5}"
EndProject
Project("{FAE04EC0-301F-11D3-BF4B-00C04F79EFBC}") = "NoEntityFrameworkExample", "src\Examples\NoEntityFrameworkExample\NoEntityFrameworkExample.csproj", "{99BAF03C-362B-41FA-9FFF-67F697EFC28C}"
EndProject
Project("{FAE04EC0-301F-11D3-BF4B-00C04F79EFBC}") = "ReportsExample", "src\Examples\ReportsExample\ReportsExample.csproj", "{1CC0831C-ED1D-442E-8421-331D50BD41F1}"
EndProject
Project("{FAE04EC0-301F-11D3-BF4B-00C04F79EFBC}") = "JsonApiDotNetCoreExampleTests", "test\JsonApiDotNetCoreExampleTests\JsonApiDotNetCoreExampleTests.csproj", "{CAF331F8-9255-4D72-A1A8-A54141E99F1E}"
EndProject
Project("{FAE04EC0-301F-11D3-BF4B-00C04F79EFBC}") = "NoEntityFrameworkTests", "test\NoEntityFrameworkTests\NoEntityFrameworkTests.csproj", "{4F15A8F8-5BC6-45A1-BC51-03F921B726A4}"
EndProject
Project("{FAE04EC0-301F-11D3-BF4B-00C04F79EFBC}") = "UnitTests", "test\UnitTests\UnitTests.csproj", "{8788FF65-C2B6-40B2-A3A0-1E3D91C02664}"
EndProject
Project("{FAE04EC0-301F-11D3-BF4B-00C04F79EFBC}") = "OperationsExampleTests", "test\OperationsExampleTests\OperationsExampleTests.csproj", "{65BF5960-3D9B-4230-99F4-A12CAA130792}"
EndProject
Project("{FAE04EC0-301F-11D3-BF4B-00C04F79EFBC}") = "ResourceEntitySeparationExampleTests", "test\ResourceEntitySeparationExampleTests\ResourceEntitySeparationExampleTests.csproj", "{778C4EB9-BD65-4C0F-9230-B5CB1D72186A}"
EndProject
Project("{FAE04EC0-301F-11D3-BF4B-00C04F79EFBC}") = "DiscoveryTests", "test\DiscoveryTests\DiscoveryTests.csproj", "{03032A2F-664D-4DD8-A82F-AD8A482EDD85}"
EndProject
Project("{FAE04EC0-301F-11D3-BF4B-00C04F79EFBC}") = "GettingStarted", "src\Examples\GettingStarted\GettingStarted.csproj", "{92BFF50F-BF96-43AD-AB86-A8B861C32412}"
EndProject
Project("{FAE04EC0-301F-11D3-BF4B-00C04F79EFBC}") = "Benchmarks", "benchmarks\Benchmarks.csproj", "{DF0FCFB2-CB12-44BA-BBB5-1BE0BCFCD14C}"
EndProject
Global
	GlobalSection(SolutionConfigurationPlatforms) = preSolution
		Debug|Any CPU = Debug|Any CPU
		Debug|x64 = Debug|x64
		Debug|x86 = Debug|x86
		Release|Any CPU = Release|Any CPU
		Release|x64 = Release|x64
		Release|x86 = Release|x86
	EndGlobalSection
	GlobalSection(ProjectConfigurationPlatforms) = postSolution
		{9D36BE59-7C14-448B-984D-93A0E7816314}.Debug|Any CPU.ActiveCfg = Debug|Any CPU
		{9D36BE59-7C14-448B-984D-93A0E7816314}.Debug|Any CPU.Build.0 = Debug|Any CPU
		{9D36BE59-7C14-448B-984D-93A0E7816314}.Debug|x64.ActiveCfg = Debug|Any CPU
		{9D36BE59-7C14-448B-984D-93A0E7816314}.Debug|x86.ActiveCfg = Debug|Any CPU
		{9D36BE59-7C14-448B-984D-93A0E7816314}.Release|Any CPU.ActiveCfg = Release|Any CPU
		{9D36BE59-7C14-448B-984D-93A0E7816314}.Release|Any CPU.Build.0 = Release|Any CPU
		{9D36BE59-7C14-448B-984D-93A0E7816314}.Release|x64.ActiveCfg = Release|Any CPU
		{9D36BE59-7C14-448B-984D-93A0E7816314}.Release|x86.ActiveCfg = Release|Any CPU
		{27FA7CD3-8DCD-4104-9AB4-B2D927F421B5}.Debug|Any CPU.ActiveCfg = Debug|Any CPU
		{27FA7CD3-8DCD-4104-9AB4-B2D927F421B5}.Debug|Any CPU.Build.0 = Debug|Any CPU
		{27FA7CD3-8DCD-4104-9AB4-B2D927F421B5}.Debug|x64.ActiveCfg = Debug|Any CPU
		{27FA7CD3-8DCD-4104-9AB4-B2D927F421B5}.Debug|x86.ActiveCfg = Debug|Any CPU
		{27FA7CD3-8DCD-4104-9AB4-B2D927F421B5}.Release|Any CPU.ActiveCfg = Release|Any CPU
		{27FA7CD3-8DCD-4104-9AB4-B2D927F421B5}.Release|Any CPU.Build.0 = Release|Any CPU
		{27FA7CD3-8DCD-4104-9AB4-B2D927F421B5}.Release|x64.ActiveCfg = Release|Any CPU
		{27FA7CD3-8DCD-4104-9AB4-B2D927F421B5}.Release|x86.ActiveCfg = Release|Any CPU
		{99BAF03C-362B-41FA-9FFF-67F697EFC28C}.Debug|Any CPU.ActiveCfg = Debug|Any CPU
		{99BAF03C-362B-41FA-9FFF-67F697EFC28C}.Debug|Any CPU.Build.0 = Debug|Any CPU
		{99BAF03C-362B-41FA-9FFF-67F697EFC28C}.Debug|x64.ActiveCfg = Debug|Any CPU
		{99BAF03C-362B-41FA-9FFF-67F697EFC28C}.Debug|x64.Build.0 = Debug|Any CPU
		{99BAF03C-362B-41FA-9FFF-67F697EFC28C}.Debug|x86.ActiveCfg = Debug|Any CPU
		{99BAF03C-362B-41FA-9FFF-67F697EFC28C}.Debug|x86.Build.0 = Debug|Any CPU
		{99BAF03C-362B-41FA-9FFF-67F697EFC28C}.Release|Any CPU.ActiveCfg = Release|Any CPU
		{99BAF03C-362B-41FA-9FFF-67F697EFC28C}.Release|Any CPU.Build.0 = Release|Any CPU
		{99BAF03C-362B-41FA-9FFF-67F697EFC28C}.Release|x64.ActiveCfg = Release|Any CPU
		{99BAF03C-362B-41FA-9FFF-67F697EFC28C}.Release|x64.Build.0 = Release|Any CPU
		{99BAF03C-362B-41FA-9FFF-67F697EFC28C}.Release|x86.ActiveCfg = Release|Any CPU
		{99BAF03C-362B-41FA-9FFF-67F697EFC28C}.Release|x86.Build.0 = Release|Any CPU
		{1CC0831C-ED1D-442E-8421-331D50BD41F1}.Debug|Any CPU.ActiveCfg = Debug|Any CPU
		{1CC0831C-ED1D-442E-8421-331D50BD41F1}.Debug|Any CPU.Build.0 = Debug|Any CPU
		{1CC0831C-ED1D-442E-8421-331D50BD41F1}.Debug|x64.ActiveCfg = Debug|Any CPU
		{1CC0831C-ED1D-442E-8421-331D50BD41F1}.Debug|x64.Build.0 = Debug|Any CPU
		{1CC0831C-ED1D-442E-8421-331D50BD41F1}.Debug|x86.ActiveCfg = Debug|Any CPU
		{1CC0831C-ED1D-442E-8421-331D50BD41F1}.Debug|x86.Build.0 = Debug|Any CPU
		{1CC0831C-ED1D-442E-8421-331D50BD41F1}.Release|Any CPU.ActiveCfg = Release|Any CPU
		{1CC0831C-ED1D-442E-8421-331D50BD41F1}.Release|Any CPU.Build.0 = Release|Any CPU
		{1CC0831C-ED1D-442E-8421-331D50BD41F1}.Release|x64.ActiveCfg = Release|Any CPU
		{1CC0831C-ED1D-442E-8421-331D50BD41F1}.Release|x64.Build.0 = Release|Any CPU
		{1CC0831C-ED1D-442E-8421-331D50BD41F1}.Release|x86.ActiveCfg = Release|Any CPU
		{1CC0831C-ED1D-442E-8421-331D50BD41F1}.Release|x86.Build.0 = Release|Any CPU
		{CAF331F8-9255-4D72-A1A8-A54141E99F1E}.Debug|Any CPU.ActiveCfg = Debug|Any CPU
		{CAF331F8-9255-4D72-A1A8-A54141E99F1E}.Debug|Any CPU.Build.0 = Debug|Any CPU
		{CAF331F8-9255-4D72-A1A8-A54141E99F1E}.Debug|x64.ActiveCfg = Debug|Any CPU
		{CAF331F8-9255-4D72-A1A8-A54141E99F1E}.Debug|x86.ActiveCfg = Debug|Any CPU
		{CAF331F8-9255-4D72-A1A8-A54141E99F1E}.Release|Any CPU.ActiveCfg = Release|Any CPU
		{CAF331F8-9255-4D72-A1A8-A54141E99F1E}.Release|Any CPU.Build.0 = Release|Any CPU
		{CAF331F8-9255-4D72-A1A8-A54141E99F1E}.Release|x64.ActiveCfg = Release|Any CPU
		{CAF331F8-9255-4D72-A1A8-A54141E99F1E}.Release|x86.ActiveCfg = Release|Any CPU
		{4F15A8F8-5BC6-45A1-BC51-03F921B726A4}.Debug|Any CPU.ActiveCfg = Debug|Any CPU
		{4F15A8F8-5BC6-45A1-BC51-03F921B726A4}.Debug|Any CPU.Build.0 = Debug|Any CPU
		{4F15A8F8-5BC6-45A1-BC51-03F921B726A4}.Debug|x64.ActiveCfg = Debug|Any CPU
		{4F15A8F8-5BC6-45A1-BC51-03F921B726A4}.Debug|x64.Build.0 = Debug|Any CPU
		{4F15A8F8-5BC6-45A1-BC51-03F921B726A4}.Debug|x86.ActiveCfg = Debug|Any CPU
		{4F15A8F8-5BC6-45A1-BC51-03F921B726A4}.Debug|x86.Build.0 = Debug|Any CPU
		{4F15A8F8-5BC6-45A1-BC51-03F921B726A4}.Release|Any CPU.ActiveCfg = Release|Any CPU
		{4F15A8F8-5BC6-45A1-BC51-03F921B726A4}.Release|Any CPU.Build.0 = Release|Any CPU
		{4F15A8F8-5BC6-45A1-BC51-03F921B726A4}.Release|x64.ActiveCfg = Release|Any CPU
		{4F15A8F8-5BC6-45A1-BC51-03F921B726A4}.Release|x64.Build.0 = Release|Any CPU
		{4F15A8F8-5BC6-45A1-BC51-03F921B726A4}.Release|x86.ActiveCfg = Release|Any CPU
		{4F15A8F8-5BC6-45A1-BC51-03F921B726A4}.Release|x86.Build.0 = Release|Any CPU
		{8788FF65-C2B6-40B2-A3A0-1E3D91C02664}.Debug|Any CPU.ActiveCfg = Debug|Any CPU
		{8788FF65-C2B6-40B2-A3A0-1E3D91C02664}.Debug|Any CPU.Build.0 = Debug|Any CPU
		{8788FF65-C2B6-40B2-A3A0-1E3D91C02664}.Debug|x64.ActiveCfg = Debug|Any CPU
		{8788FF65-C2B6-40B2-A3A0-1E3D91C02664}.Debug|x64.Build.0 = Debug|Any CPU
		{8788FF65-C2B6-40B2-A3A0-1E3D91C02664}.Debug|x86.ActiveCfg = Debug|Any CPU
		{8788FF65-C2B6-40B2-A3A0-1E3D91C02664}.Debug|x86.Build.0 = Debug|Any CPU
		{8788FF65-C2B6-40B2-A3A0-1E3D91C02664}.Release|Any CPU.ActiveCfg = Release|Any CPU
		{8788FF65-C2B6-40B2-A3A0-1E3D91C02664}.Release|Any CPU.Build.0 = Release|Any CPU
		{8788FF65-C2B6-40B2-A3A0-1E3D91C02664}.Release|x64.ActiveCfg = Release|Any CPU
		{8788FF65-C2B6-40B2-A3A0-1E3D91C02664}.Release|x64.Build.0 = Release|Any CPU
		{8788FF65-C2B6-40B2-A3A0-1E3D91C02664}.Release|x86.ActiveCfg = Release|Any CPU
		{8788FF65-C2B6-40B2-A3A0-1E3D91C02664}.Release|x86.Build.0 = Release|Any CPU
		{65BF5960-3D9B-4230-99F4-A12CAA130792}.Debug|Any CPU.ActiveCfg = Debug|Any CPU
		{65BF5960-3D9B-4230-99F4-A12CAA130792}.Debug|Any CPU.Build.0 = Debug|Any CPU
		{65BF5960-3D9B-4230-99F4-A12CAA130792}.Debug|x64.ActiveCfg = Debug|Any CPU
		{65BF5960-3D9B-4230-99F4-A12CAA130792}.Debug|x64.Build.0 = Debug|Any CPU
		{65BF5960-3D9B-4230-99F4-A12CAA130792}.Debug|x86.ActiveCfg = Debug|Any CPU
		{65BF5960-3D9B-4230-99F4-A12CAA130792}.Debug|x86.Build.0 = Debug|Any CPU
		{65BF5960-3D9B-4230-99F4-A12CAA130792}.Release|Any CPU.ActiveCfg = Release|Any CPU
		{65BF5960-3D9B-4230-99F4-A12CAA130792}.Release|Any CPU.Build.0 = Release|Any CPU
		{65BF5960-3D9B-4230-99F4-A12CAA130792}.Release|x64.ActiveCfg = Release|Any CPU
		{65BF5960-3D9B-4230-99F4-A12CAA130792}.Release|x64.Build.0 = Release|Any CPU
		{65BF5960-3D9B-4230-99F4-A12CAA130792}.Release|x86.ActiveCfg = Release|Any CPU
		{65BF5960-3D9B-4230-99F4-A12CAA130792}.Release|x86.Build.0 = Release|Any CPU
		{778C4EB9-BD65-4C0F-9230-B5CB1D72186A}.Debug|Any CPU.ActiveCfg = Debug|Any CPU
		{778C4EB9-BD65-4C0F-9230-B5CB1D72186A}.Debug|Any CPU.Build.0 = Debug|Any CPU
		{778C4EB9-BD65-4C0F-9230-B5CB1D72186A}.Debug|x64.ActiveCfg = Debug|Any CPU
		{778C4EB9-BD65-4C0F-9230-B5CB1D72186A}.Debug|x64.Build.0 = Debug|Any CPU
		{778C4EB9-BD65-4C0F-9230-B5CB1D72186A}.Debug|x86.ActiveCfg = Debug|Any CPU
		{778C4EB9-BD65-4C0F-9230-B5CB1D72186A}.Debug|x86.Build.0 = Debug|Any CPU
		{778C4EB9-BD65-4C0F-9230-B5CB1D72186A}.Release|Any CPU.ActiveCfg = Release|Any CPU
		{778C4EB9-BD65-4C0F-9230-B5CB1D72186A}.Release|Any CPU.Build.0 = Release|Any CPU
		{778C4EB9-BD65-4C0F-9230-B5CB1D72186A}.Release|x64.ActiveCfg = Release|Any CPU
		{778C4EB9-BD65-4C0F-9230-B5CB1D72186A}.Release|x64.Build.0 = Release|Any CPU
		{778C4EB9-BD65-4C0F-9230-B5CB1D72186A}.Release|x86.ActiveCfg = Release|Any CPU
		{778C4EB9-BD65-4C0F-9230-B5CB1D72186A}.Release|x86.Build.0 = Release|Any CPU
		{03032A2F-664D-4DD8-A82F-AD8A482EDD85}.Debug|Any CPU.ActiveCfg = Debug|Any CPU
		{03032A2F-664D-4DD8-A82F-AD8A482EDD85}.Debug|Any CPU.Build.0 = Debug|Any CPU
		{03032A2F-664D-4DD8-A82F-AD8A482EDD85}.Debug|x64.ActiveCfg = Debug|Any CPU
		{03032A2F-664D-4DD8-A82F-AD8A482EDD85}.Debug|x64.Build.0 = Debug|Any CPU
		{03032A2F-664D-4DD8-A82F-AD8A482EDD85}.Debug|x86.ActiveCfg = Debug|Any CPU
		{03032A2F-664D-4DD8-A82F-AD8A482EDD85}.Debug|x86.Build.0 = Debug|Any CPU
		{03032A2F-664D-4DD8-A82F-AD8A482EDD85}.Release|Any CPU.ActiveCfg = Release|Any CPU
		{03032A2F-664D-4DD8-A82F-AD8A482EDD85}.Release|Any CPU.Build.0 = Release|Any CPU
		{03032A2F-664D-4DD8-A82F-AD8A482EDD85}.Release|x64.ActiveCfg = Release|Any CPU
		{03032A2F-664D-4DD8-A82F-AD8A482EDD85}.Release|x64.Build.0 = Release|Any CPU
		{03032A2F-664D-4DD8-A82F-AD8A482EDD85}.Release|x86.ActiveCfg = Release|Any CPU
		{03032A2F-664D-4DD8-A82F-AD8A482EDD85}.Release|x86.Build.0 = Release|Any CPU
		{92BFF50F-BF96-43AD-AB86-A8B861C32412}.Debug|Any CPU.ActiveCfg = Debug|Any CPU
		{92BFF50F-BF96-43AD-AB86-A8B861C32412}.Debug|Any CPU.Build.0 = Debug|Any CPU
		{92BFF50F-BF96-43AD-AB86-A8B861C32412}.Debug|x64.ActiveCfg = Debug|Any CPU
		{92BFF50F-BF96-43AD-AB86-A8B861C32412}.Debug|x64.Build.0 = Debug|Any CPU
		{92BFF50F-BF96-43AD-AB86-A8B861C32412}.Debug|x86.ActiveCfg = Debug|Any CPU
		{92BFF50F-BF96-43AD-AB86-A8B861C32412}.Debug|x86.Build.0 = Debug|Any CPU
		{92BFF50F-BF96-43AD-AB86-A8B861C32412}.Release|Any CPU.ActiveCfg = Release|Any CPU
		{92BFF50F-BF96-43AD-AB86-A8B861C32412}.Release|Any CPU.Build.0 = Release|Any CPU
		{92BFF50F-BF96-43AD-AB86-A8B861C32412}.Release|x64.ActiveCfg = Release|Any CPU
		{92BFF50F-BF96-43AD-AB86-A8B861C32412}.Release|x64.Build.0 = Release|Any CPU
		{92BFF50F-BF96-43AD-AB86-A8B861C32412}.Release|x86.ActiveCfg = Release|Any CPU
		{92BFF50F-BF96-43AD-AB86-A8B861C32412}.Release|x86.Build.0 = Release|Any CPU
		{DF0FCFB2-CB12-44BA-BBB5-1BE0BCFCD14C}.Debug|Any CPU.ActiveCfg = Debug|Any CPU
		{DF0FCFB2-CB12-44BA-BBB5-1BE0BCFCD14C}.Debug|Any CPU.Build.0 = Debug|Any CPU
		{DF0FCFB2-CB12-44BA-BBB5-1BE0BCFCD14C}.Debug|x64.ActiveCfg = Debug|Any CPU
		{DF0FCFB2-CB12-44BA-BBB5-1BE0BCFCD14C}.Debug|x64.Build.0 = Debug|Any CPU
		{DF0FCFB2-CB12-44BA-BBB5-1BE0BCFCD14C}.Debug|x86.ActiveCfg = Debug|Any CPU
		{DF0FCFB2-CB12-44BA-BBB5-1BE0BCFCD14C}.Debug|x86.Build.0 = Debug|Any CPU
		{DF0FCFB2-CB12-44BA-BBB5-1BE0BCFCD14C}.Release|Any CPU.ActiveCfg = Release|Any CPU
		{DF0FCFB2-CB12-44BA-BBB5-1BE0BCFCD14C}.Release|Any CPU.Build.0 = Release|Any CPU
		{DF0FCFB2-CB12-44BA-BBB5-1BE0BCFCD14C}.Release|x64.ActiveCfg = Release|Any CPU
		{DF0FCFB2-CB12-44BA-BBB5-1BE0BCFCD14C}.Release|x64.Build.0 = Release|Any CPU
		{DF0FCFB2-CB12-44BA-BBB5-1BE0BCFCD14C}.Release|x86.ActiveCfg = Release|Any CPU
		{DF0FCFB2-CB12-44BA-BBB5-1BE0BCFCD14C}.Release|x86.Build.0 = Release|Any CPU
	EndGlobalSection
	GlobalSection(SolutionProperties) = preSolution
		HideSolutionNode = FALSE
	EndGlobalSection
	GlobalSection(NestedProjects) = preSolution
		{026FBC6C-AF76-4568-9B87-EC73457899FD} = {7A2B7ADD-ECB5-4D00-AA6A-D45BD11C97CF}
		{9D36BE59-7C14-448B-984D-93A0E7816314} = {7A2B7ADD-ECB5-4D00-AA6A-D45BD11C97CF}
		{27FA7CD3-8DCD-4104-9AB4-B2D927F421B5} = {026FBC6C-AF76-4568-9B87-EC73457899FD}
		{99BAF03C-362B-41FA-9FFF-67F697EFC28C} = {026FBC6C-AF76-4568-9B87-EC73457899FD}
		{1CC0831C-ED1D-442E-8421-331D50BD41F1} = {026FBC6C-AF76-4568-9B87-EC73457899FD}
		{CAF331F8-9255-4D72-A1A8-A54141E99F1E} = {24B15015-62E5-42E1-9BA0-ECE6BE7AA15F}
		{4F15A8F8-5BC6-45A1-BC51-03F921B726A4} = {24B15015-62E5-42E1-9BA0-ECE6BE7AA15F}
		{8788FF65-C2B6-40B2-A3A0-1E3D91C02664} = {24B15015-62E5-42E1-9BA0-ECE6BE7AA15F}
		{65BF5960-3D9B-4230-99F4-A12CAA130792} = {24B15015-62E5-42E1-9BA0-ECE6BE7AA15F}
		{778C4EB9-BD65-4C0F-9230-B5CB1D72186A} = {24B15015-62E5-42E1-9BA0-ECE6BE7AA15F}
		{03032A2F-664D-4DD8-A82F-AD8A482EDD85} = {24B15015-62E5-42E1-9BA0-ECE6BE7AA15F}
		{DF0FCFB2-CB12-44BA-BBB5-1BE0BCFCD14C} = {076E1AE4-FD25-4684-B826-CAAE37FEA0AA}
	EndGlobalSection
	GlobalSection(ExtensibilityGlobals) = postSolution
		SolutionGuid = {A2421882-8F0A-4905-928F-B550B192F9A4}
	EndGlobalSection
EndGlobal
