Microsoft Visual Studio Solution File, Format Version 12.00
# Visual Studio Version 17
VisualStudioVersion = 17.0.31919.166
MinimumVisualStudioVersion = 10.0.40219.1
Project("{2150E333-8FDC-42A3-9474-1A3956D46DE8}") = "src", "src", "{7A2B7ADD-ECB5-4D00-AA6A-D45BD11C97CF}"
EndProject
Project("{2150E333-8FDC-42A3-9474-1A3956D46DE8}") = "Solution Items", "Solution Items", "{C5B4D998-CECB-454D-9F32-085A897577BE}"
	ProjectSection(SolutionItems) = preProject
		.editorconfig = .editorconfig
		.gitignore = .gitignore
		CSharpGuidelinesAnalyzer.config = CSharpGuidelinesAnalyzer.config
		Directory.Build.props = Directory.Build.props
	EndProjectSection
EndProject
Project("{2150E333-8FDC-42A3-9474-1A3956D46DE8}") = "Examples", "Examples", "{026FBC6C-AF76-4568-9B87-EC73457899FD}"
EndProject
Project("{9A19103F-16F7-4668-BE54-9A1E7A4F7556}") = "GettingStarted", "src\Examples\GettingStarted\GettingStarted.csproj", "{067FFD7A-C66B-473D-8471-37F5C95DF61C}"
EndProject
Project("{9A19103F-16F7-4668-BE54-9A1E7A4F7556}") = "JsonApiDotNetCoreExample", "src\Examples\JsonApiDotNetCoreExample\JsonApiDotNetCoreExample.csproj", "{C916EBDA-3429-4FEA-AFB3-DF7CA32A8C6A}"
EndProject
Project("{9A19103F-16F7-4668-BE54-9A1E7A4F7556}") = "NoEntityFrameworkExample", "src\Examples\NoEntityFrameworkExample\NoEntityFrameworkExample.csproj", "{789085E1-048F-4996-B600-791B9CA3A663}"
EndProject
Project("{9A19103F-16F7-4668-BE54-9A1E7A4F7556}") = "ReportsExample", "src\Examples\ReportsExample\ReportsExample.csproj", "{8BCFF95F-4850-427C-AEDB-B5B4F62B2C7B}"
EndProject
Project("{9A19103F-16F7-4668-BE54-9A1E7A4F7556}") = "JsonApiDotNetCore", "src\JsonApiDotNetCore\JsonApiDotNetCore.csproj", "{21D27239-138D-4604-8E49-DCBE41BCE4C8}"
EndProject
Project("{9A19103F-16F7-4668-BE54-9A1E7A4F7556}") = "MultiDbContextExample", "src\Examples\MultiDbContextExample\MultiDbContextExample.csproj", "{6CAFDDBE-00AB-4784-801B-AB419C3C3A26}"
EndProject
Project("{9A19103F-16F7-4668-BE54-9A1E7A4F7556}") = "JsonApiDotNetCore.Annotations", "src\JsonApiDotNetCore.Annotations\JsonApiDotNetCore.Annotations.csproj", "{83FF097C-C8C6-477B-9FAB-DF99B84978B5}"
EndProject
Project("{9A19103F-16F7-4668-BE54-9A1E7A4F7556}") = "DatabasePerTenantExample", "src\Examples\DatabasePerTenantExample\DatabasePerTenantExample.csproj", "{60334658-BE51-43B3-9C4D-F2BBF56C89CE}"
EndProject
Global
	GlobalSection(SolutionConfigurationPlatforms) = preSolution
		Debug|Any CPU = Debug|Any CPU
		Debug|x64 = Debug|x64
		Debug|x86 = Debug|x86
		Release|Any CPU = Release|Any CPU
		Release|x64 = Release|x64
		Release|x86 = Release|x86
	EndGlobalSection
	GlobalSection(ProjectConfigurationPlatforms) = postSolution
		{067FFD7A-C66B-473D-8471-37F5C95DF61C}.Debug|Any CPU.ActiveCfg = Debug|Any CPU
		{067FFD7A-C66B-473D-8471-37F5C95DF61C}.Debug|Any CPU.Build.0 = Debug|Any CPU
		{067FFD7A-C66B-473D-8471-37F5C95DF61C}.Debug|x64.ActiveCfg = Debug|Any CPU
		{067FFD7A-C66B-473D-8471-37F5C95DF61C}.Debug|x64.Build.0 = Debug|Any CPU
		{067FFD7A-C66B-473D-8471-37F5C95DF61C}.Debug|x86.ActiveCfg = Debug|Any CPU
		{067FFD7A-C66B-473D-8471-37F5C95DF61C}.Debug|x86.Build.0 = Debug|Any CPU
		{067FFD7A-C66B-473D-8471-37F5C95DF61C}.Release|Any CPU.ActiveCfg = Release|Any CPU
		{067FFD7A-C66B-473D-8471-37F5C95DF61C}.Release|Any CPU.Build.0 = Release|Any CPU
		{067FFD7A-C66B-473D-8471-37F5C95DF61C}.Release|x64.ActiveCfg = Release|Any CPU
		{067FFD7A-C66B-473D-8471-37F5C95DF61C}.Release|x64.Build.0 = Release|Any CPU
		{067FFD7A-C66B-473D-8471-37F5C95DF61C}.Release|x86.ActiveCfg = Release|Any CPU
		{067FFD7A-C66B-473D-8471-37F5C95DF61C}.Release|x86.Build.0 = Release|Any CPU
		{C916EBDA-3429-4FEA-AFB3-DF7CA32A8C6A}.Debug|Any CPU.ActiveCfg = Debug|Any CPU
		{C916EBDA-3429-4FEA-AFB3-DF7CA32A8C6A}.Debug|Any CPU.Build.0 = Debug|Any CPU
		{C916EBDA-3429-4FEA-AFB3-DF7CA32A8C6A}.Debug|x64.ActiveCfg = Debug|Any CPU
		{C916EBDA-3429-4FEA-AFB3-DF7CA32A8C6A}.Debug|x64.Build.0 = Debug|Any CPU
		{C916EBDA-3429-4FEA-AFB3-DF7CA32A8C6A}.Debug|x86.ActiveCfg = Debug|Any CPU
		{C916EBDA-3429-4FEA-AFB3-DF7CA32A8C6A}.Debug|x86.Build.0 = Debug|Any CPU
		{C916EBDA-3429-4FEA-AFB3-DF7CA32A8C6A}.Release|Any CPU.ActiveCfg = Release|Any CPU
		{C916EBDA-3429-4FEA-AFB3-DF7CA32A8C6A}.Release|Any CPU.Build.0 = Release|Any CPU
		{C916EBDA-3429-4FEA-AFB3-DF7CA32A8C6A}.Release|x64.ActiveCfg = Release|Any CPU
		{C916EBDA-3429-4FEA-AFB3-DF7CA32A8C6A}.Release|x64.Build.0 = Release|Any CPU
		{C916EBDA-3429-4FEA-AFB3-DF7CA32A8C6A}.Release|x86.ActiveCfg = Release|Any CPU
		{C916EBDA-3429-4FEA-AFB3-DF7CA32A8C6A}.Release|x86.Build.0 = Release|Any CPU
		{789085E1-048F-4996-B600-791B9CA3A663}.Debug|Any CPU.ActiveCfg = Debug|Any CPU
		{789085E1-048F-4996-B600-791B9CA3A663}.Debug|Any CPU.Build.0 = Debug|Any CPU
		{789085E1-048F-4996-B600-791B9CA3A663}.Debug|x64.ActiveCfg = Debug|Any CPU
		{789085E1-048F-4996-B600-791B9CA3A663}.Debug|x64.Build.0 = Debug|Any CPU
		{789085E1-048F-4996-B600-791B9CA3A663}.Debug|x86.ActiveCfg = Debug|Any CPU
		{789085E1-048F-4996-B600-791B9CA3A663}.Debug|x86.Build.0 = Debug|Any CPU
		{789085E1-048F-4996-B600-791B9CA3A663}.Release|Any CPU.ActiveCfg = Release|Any CPU
		{789085E1-048F-4996-B600-791B9CA3A663}.Release|Any CPU.Build.0 = Release|Any CPU
		{789085E1-048F-4996-B600-791B9CA3A663}.Release|x64.ActiveCfg = Release|Any CPU
		{789085E1-048F-4996-B600-791B9CA3A663}.Release|x64.Build.0 = Release|Any CPU
		{789085E1-048F-4996-B600-791B9CA3A663}.Release|x86.ActiveCfg = Release|Any CPU
		{789085E1-048F-4996-B600-791B9CA3A663}.Release|x86.Build.0 = Release|Any CPU
		{8BCFF95F-4850-427C-AEDB-B5B4F62B2C7B}.Debug|Any CPU.ActiveCfg = Debug|Any CPU
		{8BCFF95F-4850-427C-AEDB-B5B4F62B2C7B}.Debug|Any CPU.Build.0 = Debug|Any CPU
		{8BCFF95F-4850-427C-AEDB-B5B4F62B2C7B}.Debug|x64.ActiveCfg = Debug|Any CPU
		{8BCFF95F-4850-427C-AEDB-B5B4F62B2C7B}.Debug|x64.Build.0 = Debug|Any CPU
		{8BCFF95F-4850-427C-AEDB-B5B4F62B2C7B}.Debug|x86.ActiveCfg = Debug|Any CPU
		{8BCFF95F-4850-427C-AEDB-B5B4F62B2C7B}.Debug|x86.Build.0 = Debug|Any CPU
		{8BCFF95F-4850-427C-AEDB-B5B4F62B2C7B}.Release|Any CPU.ActiveCfg = Release|Any CPU
		{8BCFF95F-4850-427C-AEDB-B5B4F62B2C7B}.Release|Any CPU.Build.0 = Release|Any CPU
		{8BCFF95F-4850-427C-AEDB-B5B4F62B2C7B}.Release|x64.ActiveCfg = Release|Any CPU
		{8BCFF95F-4850-427C-AEDB-B5B4F62B2C7B}.Release|x64.Build.0 = Release|Any CPU
		{8BCFF95F-4850-427C-AEDB-B5B4F62B2C7B}.Release|x86.ActiveCfg = Release|Any CPU
		{8BCFF95F-4850-427C-AEDB-B5B4F62B2C7B}.Release|x86.Build.0 = Release|Any CPU
		{21D27239-138D-4604-8E49-DCBE41BCE4C8}.Debug|Any CPU.ActiveCfg = Debug|Any CPU
		{21D27239-138D-4604-8E49-DCBE41BCE4C8}.Debug|Any CPU.Build.0 = Debug|Any CPU
		{21D27239-138D-4604-8E49-DCBE41BCE4C8}.Debug|x64.ActiveCfg = Debug|Any CPU
		{21D27239-138D-4604-8E49-DCBE41BCE4C8}.Debug|x64.Build.0 = Debug|Any CPU
		{21D27239-138D-4604-8E49-DCBE41BCE4C8}.Debug|x86.ActiveCfg = Debug|Any CPU
		{21D27239-138D-4604-8E49-DCBE41BCE4C8}.Debug|x86.Build.0 = Debug|Any CPU
		{21D27239-138D-4604-8E49-DCBE41BCE4C8}.Release|Any CPU.ActiveCfg = Release|Any CPU
		{21D27239-138D-4604-8E49-DCBE41BCE4C8}.Release|Any CPU.Build.0 = Release|Any CPU
		{21D27239-138D-4604-8E49-DCBE41BCE4C8}.Release|x64.ActiveCfg = Release|Any CPU
		{21D27239-138D-4604-8E49-DCBE41BCE4C8}.Release|x64.Build.0 = Release|Any CPU
		{21D27239-138D-4604-8E49-DCBE41BCE4C8}.Release|x86.ActiveCfg = Release|Any CPU
		{21D27239-138D-4604-8E49-DCBE41BCE4C8}.Release|x86.Build.0 = Release|Any CPU
		{6CAFDDBE-00AB-4784-801B-AB419C3C3A26}.Debug|Any CPU.ActiveCfg = Debug|Any CPU
		{6CAFDDBE-00AB-4784-801B-AB419C3C3A26}.Debug|Any CPU.Build.0 = Debug|Any CPU
		{6CAFDDBE-00AB-4784-801B-AB419C3C3A26}.Debug|x64.ActiveCfg = Debug|Any CPU
		{6CAFDDBE-00AB-4784-801B-AB419C3C3A26}.Debug|x64.Build.0 = Debug|Any CPU
		{6CAFDDBE-00AB-4784-801B-AB419C3C3A26}.Debug|x86.ActiveCfg = Debug|Any CPU
		{6CAFDDBE-00AB-4784-801B-AB419C3C3A26}.Debug|x86.Build.0 = Debug|Any CPU
		{6CAFDDBE-00AB-4784-801B-AB419C3C3A26}.Release|Any CPU.ActiveCfg = Release|Any CPU
		{6CAFDDBE-00AB-4784-801B-AB419C3C3A26}.Release|Any CPU.Build.0 = Release|Any CPU
		{6CAFDDBE-00AB-4784-801B-AB419C3C3A26}.Release|x64.ActiveCfg = Release|Any CPU
		{6CAFDDBE-00AB-4784-801B-AB419C3C3A26}.Release|x64.Build.0 = Release|Any CPU
		{6CAFDDBE-00AB-4784-801B-AB419C3C3A26}.Release|x86.ActiveCfg = Release|Any CPU
		{6CAFDDBE-00AB-4784-801B-AB419C3C3A26}.Release|x86.Build.0 = Release|Any CPU
		{83FF097C-C8C6-477B-9FAB-DF99B84978B5}.Debug|Any CPU.ActiveCfg = Debug|Any CPU
		{83FF097C-C8C6-477B-9FAB-DF99B84978B5}.Debug|Any CPU.Build.0 = Debug|Any CPU
		{83FF097C-C8C6-477B-9FAB-DF99B84978B5}.Debug|x64.ActiveCfg = Debug|Any CPU
		{83FF097C-C8C6-477B-9FAB-DF99B84978B5}.Debug|x64.Build.0 = Debug|Any CPU
		{83FF097C-C8C6-477B-9FAB-DF99B84978B5}.Debug|x86.ActiveCfg = Debug|Any CPU
		{83FF097C-C8C6-477B-9FAB-DF99B84978B5}.Debug|x86.Build.0 = Debug|Any CPU
		{83FF097C-C8C6-477B-9FAB-DF99B84978B5}.Release|Any CPU.ActiveCfg = Release|Any CPU
		{83FF097C-C8C6-477B-9FAB-DF99B84978B5}.Release|Any CPU.Build.0 = Release|Any CPU
		{83FF097C-C8C6-477B-9FAB-DF99B84978B5}.Release|x64.ActiveCfg = Release|Any CPU
		{83FF097C-C8C6-477B-9FAB-DF99B84978B5}.Release|x64.Build.0 = Release|Any CPU
		{83FF097C-C8C6-477B-9FAB-DF99B84978B5}.Release|x86.ActiveCfg = Release|Any CPU
		{83FF097C-C8C6-477B-9FAB-DF99B84978B5}.Release|x86.Build.0 = Release|Any CPU
		{60334658-BE51-43B3-9C4D-F2BBF56C89CE}.Debug|Any CPU.ActiveCfg = Debug|Any CPU
		{60334658-BE51-43B3-9C4D-F2BBF56C89CE}.Debug|Any CPU.Build.0 = Debug|Any CPU
		{60334658-BE51-43B3-9C4D-F2BBF56C89CE}.Debug|x64.ActiveCfg = Debug|Any CPU
		{60334658-BE51-43B3-9C4D-F2BBF56C89CE}.Debug|x64.Build.0 = Debug|Any CPU
		{60334658-BE51-43B3-9C4D-F2BBF56C89CE}.Debug|x86.ActiveCfg = Debug|Any CPU
		{60334658-BE51-43B3-9C4D-F2BBF56C89CE}.Debug|x86.Build.0 = Debug|Any CPU
		{60334658-BE51-43B3-9C4D-F2BBF56C89CE}.Release|Any CPU.ActiveCfg = Release|Any CPU
		{60334658-BE51-43B3-9C4D-F2BBF56C89CE}.Release|Any CPU.Build.0 = Release|Any CPU
		{60334658-BE51-43B3-9C4D-F2BBF56C89CE}.Release|x64.ActiveCfg = Release|Any CPU
		{60334658-BE51-43B3-9C4D-F2BBF56C89CE}.Release|x64.Build.0 = Release|Any CPU
		{60334658-BE51-43B3-9C4D-F2BBF56C89CE}.Release|x86.ActiveCfg = Release|Any CPU
		{60334658-BE51-43B3-9C4D-F2BBF56C89CE}.Release|x86.Build.0 = Release|Any CPU
	EndGlobalSection
	GlobalSection(SolutionProperties) = preSolution
		HideSolutionNode = FALSE
	EndGlobalSection
	GlobalSection(NestedProjects) = preSolution
		{026FBC6C-AF76-4568-9B87-EC73457899FD} = {7A2B7ADD-ECB5-4D00-AA6A-D45BD11C97CF}
		{C916EBDA-3429-4FEA-AFB3-DF7CA32A8C6A} = {026FBC6C-AF76-4568-9B87-EC73457899FD}
		{789085E1-048F-4996-B600-791B9CA3A663} = {026FBC6C-AF76-4568-9B87-EC73457899FD}
		{8BCFF95F-4850-427C-AEDB-B5B4F62B2C7B} = {026FBC6C-AF76-4568-9B87-EC73457899FD}
		{21D27239-138D-4604-8E49-DCBE41BCE4C8} = {7A2B7ADD-ECB5-4D00-AA6A-D45BD11C97CF}
		{6CAFDDBE-00AB-4784-801B-AB419C3C3A26} = {026FBC6C-AF76-4568-9B87-EC73457899FD}
		{83FF097C-C8C6-477B-9FAB-DF99B84978B5} = {7A2B7ADD-ECB5-4D00-AA6A-D45BD11C97CF}
		{60334658-BE51-43B3-9C4D-F2BBF56C89CE} = {026FBC6C-AF76-4568-9B87-EC73457899FD}
	EndGlobalSection
	GlobalSection(ExtensibilityGlobals) = postSolution
		SolutionGuid = {A2421882-8F0A-4905-928F-B550B192F9A4}
	EndGlobalSection
EndGlobal
