Microsoft Visual Studio Solution File, Format Version 12.00
# Visual Studio Version 17
VisualStudioVersion = 17.0.31919.166
MinimumVisualStudioVersion = 10.0.40219.1
Project("{2150E333-8FDC-42A3-9474-1A3956D46DE8}") = "src", "src", "{7A2B7ADD-ECB5-4D00-AA6A-D45BD11C97CF}"
EndProject
Project("{2150E333-8FDC-42A3-9474-1A3956D46DE8}") = "Solution Items", "Solution Items", "{C5B4D998-CECB-454D-9F32-085A897577BE}"
	ProjectSection(SolutionItems) = preProject
		.editorconfig = .editorconfig
		.gitignore = .gitignore
		Directory.Build.props = Directory.Build.props
	EndProjectSection
EndProject
Project("{9A19103F-16F7-4668-BE54-9A1E7A4F7556}") = "JsonApiDotNetCore", "src\JsonApiDotNetCore\JsonApiDotNetCore.csproj", "{21D27239-138D-4604-8E49-DCBE41BCE4C8}"
EndProject
Global
	GlobalSection(SolutionConfigurationPlatforms) = preSolution
		Debug|Any CPU = Debug|Any CPU
		Debug|x64 = Debug|x64
		Debug|x86 = Debug|x86
		Release|Any CPU = Release|Any CPU
		Release|x64 = Release|x64
		Release|x86 = Release|x86
	EndGlobalSection
	GlobalSection(ProjectConfigurationPlatforms) = postSolution
		{21D27239-138D-4604-8E49-DCBE41BCE4C8}.Debug|Any CPU.ActiveCfg = Debug|Any CPU
		{21D27239-138D-4604-8E49-DCBE41BCE4C8}.Debug|Any CPU.Build.0 = Debug|Any CPU
		{21D27239-138D-4604-8E49-DCBE41BCE4C8}.Debug|x64.ActiveCfg = Debug|Any CPU
		{21D27239-138D-4604-8E49-DCBE41BCE4C8}.Debug|x64.Build.0 = Debug|Any CPU
		{21D27239-138D-4604-8E49-DCBE41BCE4C8}.Debug|x86.ActiveCfg = Debug|Any CPU
		{21D27239-138D-4604-8E49-DCBE41BCE4C8}.Debug|x86.Build.0 = Debug|Any CPU
		{21D27239-138D-4604-8E49-DCBE41BCE4C8}.Release|Any CPU.ActiveCfg = Release|Any CPU
		{21D27239-138D-4604-8E49-DCBE41BCE4C8}.Release|Any CPU.Build.0 = Release|Any CPU
		{21D27239-138D-4604-8E49-DCBE41BCE4C8}.Release|x64.ActiveCfg = Release|Any CPU
		{21D27239-138D-4604-8E49-DCBE41BCE4C8}.Release|x64.Build.0 = Release|Any CPU
		{21D27239-138D-4604-8E49-DCBE41BCE4C8}.Release|x86.ActiveCfg = Release|Any CPU
		{21D27239-138D-4604-8E49-DCBE41BCE4C8}.Release|x86.Build.0 = Release|Any CPU
	EndGlobalSection
	GlobalSection(SolutionProperties) = preSolution
		HideSolutionNode = FALSE
	EndGlobalSection
	GlobalSection(NestedProjects) = preSolution
		{21D27239-138D-4604-8E49-DCBE41BCE4C8} = {7A2B7ADD-ECB5-4D00-AA6A-D45BD11C97CF}
	EndGlobalSection
	GlobalSection(ExtensibilityGlobals) = postSolution
		SolutionGuid = {A2421882-8F0A-4905-928F-B550B192F9A4}
	EndGlobalSection
EndGlobal
