Microsoft Visual Studio Solution File, Format Version 12.00
# Visual Studio 15
VisualStudioVersion = 15.0.26228.9
MinimumVisualStudioVersion = 10.0.40219.1
Project("{9A19103F-16F7-4668-BE54-9A1E7A4F7556}") = "JsonApiDotNetCore", "src\JsonApiDotNetCore\JsonApiDotNetCore.csproj", "{C0EC9E70-EB2E-436F-9D94-FA16FA774123}"
EndProject
Project("{9A19103F-16F7-4668-BE54-9A1E7A4F7556}") = "JsonApiDotNetCoreExample", "src\JsonApiDotNetCoreExample\JsonApiDotNetCoreExample.csproj", "{97EE048B-16C0-43F6-BDA9-4E762B2F579F}"
EndProject
Project("{2150E333-8FDC-42A3-9474-1A3956D46DE8}") = "src", "src", "{7A2B7ADD-ECB5-4D00-AA6A-D45BD11C97CF}"
EndProject
Project("{2150E333-8FDC-42A3-9474-1A3956D46DE8}") = "test", "test", "{24B15015-62E5-42E1-9BA0-ECE6BE7AA15F}"
EndProject
Project("{9A19103F-16F7-4668-BE54-9A1E7A4F7556}") = "JsonApiDotNetCoreExampleTests", "test\JsonApiDotNetCoreExampleTests\JsonApiDotNetCoreExampleTests.csproj", "{0B959765-40D2-43B5-87EE-FE2FEF9DBED5}"
EndProject
Project("{2150E333-8FDC-42A3-9474-1A3956D46DE8}") = "Solution Items", "Solution Items", "{C5B4D998-CECB-454D-9F32-085A897577BE}"
	ProjectSection(SolutionItems) = preProject
		.gitignore = .gitignore
		README.md = README.md
	EndProjectSection
EndProject
Project("{FAE04EC0-301F-11D3-BF4B-00C04F79EFBC}") = "NoEntityFrameworkExample", "src\NoEntityFrameworkExample\NoEntityFrameworkExample.csproj", "{570165EC-62B5-4684-A139-8D2A30DD4475}"
EndProject
Project("{FAE04EC0-301F-11D3-BF4B-00C04F79EFBC}") = "NoEntityFrameworkTests", "test\NoEntityFrameworkTests\NoEntityFrameworkTests.csproj", "{73DA578D-A63F-4956-83ED-6D7102E09140}"
EndProject
Global
	GlobalSection(SolutionConfigurationPlatforms) = preSolution
		Debug|Any CPU = Debug|Any CPU
		Debug|x64 = Debug|x64
		Debug|x86 = Debug|x86
		Release|Any CPU = Release|Any CPU
		Release|x64 = Release|x64
		Release|x86 = Release|x86
	EndGlobalSection
	GlobalSection(ProjectConfigurationPlatforms) = postSolution
		{C0EC9E70-EB2E-436F-9D94-FA16FA774123}.Debug|Any CPU.ActiveCfg = Debug|Any CPU
		{C0EC9E70-EB2E-436F-9D94-FA16FA774123}.Debug|Any CPU.Build.0 = Debug|Any CPU
		{C0EC9E70-EB2E-436F-9D94-FA16FA774123}.Debug|x64.ActiveCfg = Debug|Any CPU
		{C0EC9E70-EB2E-436F-9D94-FA16FA774123}.Debug|x86.ActiveCfg = Debug|Any CPU
		{C0EC9E70-EB2E-436F-9D94-FA16FA774123}.Release|Any CPU.ActiveCfg = Release|Any CPU
		{C0EC9E70-EB2E-436F-9D94-FA16FA774123}.Release|Any CPU.Build.0 = Release|Any CPU
		{C0EC9E70-EB2E-436F-9D94-FA16FA774123}.Release|x64.ActiveCfg = Release|Any CPU
		{C0EC9E70-EB2E-436F-9D94-FA16FA774123}.Release|x86.ActiveCfg = Release|Any CPU
		{97EE048B-16C0-43F6-BDA9-4E762B2F579F}.Debug|Any CPU.ActiveCfg = Debug|Any CPU
		{97EE048B-16C0-43F6-BDA9-4E762B2F579F}.Debug|Any CPU.Build.0 = Debug|Any CPU
		{97EE048B-16C0-43F6-BDA9-4E762B2F579F}.Debug|x64.ActiveCfg = Debug|Any CPU
		{97EE048B-16C0-43F6-BDA9-4E762B2F579F}.Debug|x86.ActiveCfg = Debug|Any CPU
		{97EE048B-16C0-43F6-BDA9-4E762B2F579F}.Release|Any CPU.ActiveCfg = Release|Any CPU
		{97EE048B-16C0-43F6-BDA9-4E762B2F579F}.Release|Any CPU.Build.0 = Release|Any CPU
		{97EE048B-16C0-43F6-BDA9-4E762B2F579F}.Release|x64.ActiveCfg = Release|Any CPU
		{97EE048B-16C0-43F6-BDA9-4E762B2F579F}.Release|x86.ActiveCfg = Release|Any CPU
		{0B959765-40D2-43B5-87EE-FE2FEF9DBED5}.Debug|Any CPU.ActiveCfg = Debug|Any CPU
		{0B959765-40D2-43B5-87EE-FE2FEF9DBED5}.Debug|Any CPU.Build.0 = Debug|Any CPU
		{0B959765-40D2-43B5-87EE-FE2FEF9DBED5}.Debug|x64.ActiveCfg = Debug|Any CPU
		{0B959765-40D2-43B5-87EE-FE2FEF9DBED5}.Debug|x86.ActiveCfg = Debug|Any CPU
		{0B959765-40D2-43B5-87EE-FE2FEF9DBED5}.Release|Any CPU.ActiveCfg = Release|Any CPU
		{0B959765-40D2-43B5-87EE-FE2FEF9DBED5}.Release|Any CPU.Build.0 = Release|Any CPU
		{0B959765-40D2-43B5-87EE-FE2FEF9DBED5}.Release|x64.ActiveCfg = Release|Any CPU
		{0B959765-40D2-43B5-87EE-FE2FEF9DBED5}.Release|x86.ActiveCfg = Release|Any CPU
		{570165EC-62B5-4684-A139-8D2A30DD4475}.Debug|Any CPU.ActiveCfg = Debug|Any CPU
		{570165EC-62B5-4684-A139-8D2A30DD4475}.Debug|Any CPU.Build.0 = Debug|Any CPU
		{570165EC-62B5-4684-A139-8D2A30DD4475}.Debug|x64.ActiveCfg = Debug|Any CPU
		{570165EC-62B5-4684-A139-8D2A30DD4475}.Debug|x64.Build.0 = Debug|Any CPU
		{570165EC-62B5-4684-A139-8D2A30DD4475}.Debug|x86.ActiveCfg = Debug|Any CPU
		{570165EC-62B5-4684-A139-8D2A30DD4475}.Debug|x86.Build.0 = Debug|Any CPU
		{570165EC-62B5-4684-A139-8D2A30DD4475}.Release|Any CPU.ActiveCfg = Release|Any CPU
		{570165EC-62B5-4684-A139-8D2A30DD4475}.Release|Any CPU.Build.0 = Release|Any CPU
		{570165EC-62B5-4684-A139-8D2A30DD4475}.Release|x64.ActiveCfg = Release|Any CPU
		{570165EC-62B5-4684-A139-8D2A30DD4475}.Release|x64.Build.0 = Release|Any CPU
		{570165EC-62B5-4684-A139-8D2A30DD4475}.Release|x86.ActiveCfg = Release|Any CPU
		{570165EC-62B5-4684-A139-8D2A30DD4475}.Release|x86.Build.0 = Release|Any CPU
		{73DA578D-A63F-4956-83ED-6D7102E09140}.Debug|Any CPU.ActiveCfg = Debug|Any CPU
		{73DA578D-A63F-4956-83ED-6D7102E09140}.Debug|Any CPU.Build.0 = Debug|Any CPU
		{73DA578D-A63F-4956-83ED-6D7102E09140}.Debug|x64.ActiveCfg = Debug|Any CPU
		{73DA578D-A63F-4956-83ED-6D7102E09140}.Debug|x64.Build.0 = Debug|Any CPU
		{73DA578D-A63F-4956-83ED-6D7102E09140}.Debug|x86.ActiveCfg = Debug|Any CPU
		{73DA578D-A63F-4956-83ED-6D7102E09140}.Debug|x86.Build.0 = Debug|Any CPU
		{73DA578D-A63F-4956-83ED-6D7102E09140}.Release|Any CPU.ActiveCfg = Release|Any CPU
		{73DA578D-A63F-4956-83ED-6D7102E09140}.Release|Any CPU.Build.0 = Release|Any CPU
		{73DA578D-A63F-4956-83ED-6D7102E09140}.Release|x64.ActiveCfg = Release|Any CPU
		{73DA578D-A63F-4956-83ED-6D7102E09140}.Release|x64.Build.0 = Release|Any CPU
		{73DA578D-A63F-4956-83ED-6D7102E09140}.Release|x86.ActiveCfg = Release|Any CPU
		{73DA578D-A63F-4956-83ED-6D7102E09140}.Release|x86.Build.0 = Release|Any CPU
	EndGlobalSection
	GlobalSection(SolutionProperties) = preSolution
		HideSolutionNode = FALSE
	EndGlobalSection
	GlobalSection(NestedProjects) = preSolution
		{C0EC9E70-EB2E-436F-9D94-FA16FA774123} = {7A2B7ADD-ECB5-4D00-AA6A-D45BD11C97CF}
		{97EE048B-16C0-43F6-BDA9-4E762B2F579F} = {7A2B7ADD-ECB5-4D00-AA6A-D45BD11C97CF}
		{0B959765-40D2-43B5-87EE-FE2FEF9DBED5} = {24B15015-62E5-42E1-9BA0-ECE6BE7AA15F}
		{570165EC-62B5-4684-A139-8D2A30DD4475} = {7A2B7ADD-ECB5-4D00-AA6A-D45BD11C97CF}
		{73DA578D-A63F-4956-83ED-6D7102E09140} = {24B15015-62E5-42E1-9BA0-ECE6BE7AA15F}
	EndGlobalSection
EndGlobal
