Microsoft Visual Studio Solution File, Format Version 12.00
# Visual Studio Version 16
VisualStudioVersion = 16.0.28606.126
MinimumVisualStudioVersion = 10.0.40219.1
Project("{2150E333-8FDC-42A3-9474-1A3956D46DE8}") = "src", "src", "{7A2B7ADD-ECB5-4D00-AA6A-D45BD11C97CF}"
EndProject
Project("{2150E333-8FDC-42A3-9474-1A3956D46DE8}") = "test", "test", "{24B15015-62E5-42E1-9BA0-ECE6BE7AA15F}"
EndProject
Project("{2150E333-8FDC-42A3-9474-1A3956D46DE8}") = "Solution Items", "Solution Items", "{C5B4D998-CECB-454D-9F32-085A897577BE}"
	ProjectSection(SolutionItems) = preProject
		.gitignore = .gitignore
		.travis.yml = .travis.yml
		appveyor.yml = appveyor.yml
		Build.ps1 = Build.ps1
		build.sh = build.sh
		Directory.Build.props = Directory.Build.props
		README.md = README.md
	EndProjectSection
EndProject
Project("{2150E333-8FDC-42A3-9474-1A3956D46DE8}") = "Examples", "Examples", "{026FBC6C-AF76-4568-9B87-EC73457899FD}"
EndProject
Project("{2150E333-8FDC-42A3-9474-1A3956D46DE8}") = "benchmarks", "benchmarks", "{076E1AE4-FD25-4684-B826-CAAE37FEA0AA}"
EndProject
Project("{9A19103F-16F7-4668-BE54-9A1E7A4F7556}") = "JsonApiDotNetCoreExampleTests", "test\JsonApiDotNetCoreExampleTests\JsonApiDotNetCoreExampleTests.csproj", "{CAF331F8-9255-4D72-A1A8-A54141E99F1E}"
EndProject
Project("{9A19103F-16F7-4668-BE54-9A1E7A4F7556}") = "NoEntityFrameworkTests", "test\NoEntityFrameworkTests\NoEntityFrameworkTests.csproj", "{4F15A8F8-5BC6-45A1-BC51-03F921B726A4}"
EndProject
Project("{9A19103F-16F7-4668-BE54-9A1E7A4F7556}") = "UnitTests", "test\UnitTests\UnitTests.csproj", "{8788FF65-C2B6-40B2-A3A0-1E3D91C02664}"
EndProject
Project("{9A19103F-16F7-4668-BE54-9A1E7A4F7556}") = "DiscoveryTests", "test\DiscoveryTests\DiscoveryTests.csproj", "{03032A2F-664D-4DD8-A82F-AD8A482EDD85}"
EndProject
Project("{9A19103F-16F7-4668-BE54-9A1E7A4F7556}") = "Benchmarks", "benchmarks\Benchmarks.csproj", "{DF0FCFB2-CB12-44BA-BBB5-1BE0BCFCD14C}"
EndProject
Project("{9A19103F-16F7-4668-BE54-9A1E7A4F7556}") = "JsonApiDotNetCoreExample", "src\Examples\JsonApiDotNetCoreExample\JsonApiDotNetCoreExample.csproj", "{C916EBDA-3429-4FEA-AFB3-DF7CA32A8C6A}"
EndProject
Project("{9A19103F-16F7-4668-BE54-9A1E7A4F7556}") = "NoEntityFrameworkExample", "src\Examples\NoEntityFrameworkExample\NoEntityFrameworkExample.csproj", "{789085E1-048F-4996-B600-791B9CA3A663}"
EndProject
Project("{9A19103F-16F7-4668-BE54-9A1E7A4F7556}") = "ReportsExample", "src\Examples\ReportsExample\ReportsExample.csproj", "{8BCFF95F-4850-427C-AEDB-B5B4F62B2C7B}"
EndProject
Project("{9A19103F-16F7-4668-BE54-9A1E7A4F7556}") = "JsonApiDotNetCore", "src\JsonApiDotNetCore\JsonApiDotNetCore.csproj", "{21D27239-138D-4604-8E49-DCBE41BCE4C8}"
EndProject
Project("{9A19103F-16F7-4668-BE54-9A1E7A4F7556}") = "GettingStarted", "src\Examples\GettingStarted\GettingStarted.csproj", "{067FFD7A-C66B-473D-8471-37F5C95DF61C}"
EndProject
Project("{9A19103F-16F7-4668-BE54-9A1E7A4F7556}") = "MultiDbContextExample", "src\Examples\MultiDbContextExample\MultiDbContextExample.csproj", "{6CAFDDBE-00AB-4784-801B-AB419C3C3A26}"
EndProject
Project("{9A19103F-16F7-4668-BE54-9A1E7A4F7556}") = "MultiDbContextTests", "test\MultiDbContextTests\MultiDbContextTests.csproj", "{EC3202C6-1D4C-4B14-A599-B9D3F27FE3BA}"
EndProject
Project("{FAE04EC0-301F-11D3-BF4B-00C04F79EFBC}") = "TestBuildingBlocks", "test\TestBuildingBlocks\TestBuildingBlocks.csproj", "{210FD61E-FF5D-4CEE-8E0D-C739ECCCBA21}"
EndProject
Global
	GlobalSection(SolutionConfigurationPlatforms) = preSolution
		Debug|Any CPU = Debug|Any CPU
		Debug|x64 = Debug|x64
		Debug|x86 = Debug|x86
		Release|Any CPU = Release|Any CPU
		Release|x64 = Release|x64
		Release|x86 = Release|x86
	EndGlobalSection
	GlobalSection(ProjectConfigurationPlatforms) = postSolution
		{CAF331F8-9255-4D72-A1A8-A54141E99F1E}.Debug|Any CPU.ActiveCfg = Debug|Any CPU
		{CAF331F8-9255-4D72-A1A8-A54141E99F1E}.Debug|Any CPU.Build.0 = Debug|Any CPU
		{CAF331F8-9255-4D72-A1A8-A54141E99F1E}.Debug|x64.ActiveCfg = Debug|Any CPU
		{CAF331F8-9255-4D72-A1A8-A54141E99F1E}.Debug|x64.Build.0 = Debug|Any CPU
		{CAF331F8-9255-4D72-A1A8-A54141E99F1E}.Debug|x86.ActiveCfg = Debug|Any CPU
		{CAF331F8-9255-4D72-A1A8-A54141E99F1E}.Debug|x86.Build.0 = Debug|Any CPU
		{CAF331F8-9255-4D72-A1A8-A54141E99F1E}.Release|Any CPU.ActiveCfg = Release|Any CPU
		{CAF331F8-9255-4D72-A1A8-A54141E99F1E}.Release|Any CPU.Build.0 = Release|Any CPU
		{CAF331F8-9255-4D72-A1A8-A54141E99F1E}.Release|x64.ActiveCfg = Release|Any CPU
		{CAF331F8-9255-4D72-A1A8-A54141E99F1E}.Release|x64.Build.0 = Release|Any CPU
		{CAF331F8-9255-4D72-A1A8-A54141E99F1E}.Release|x86.ActiveCfg = Release|Any CPU
		{CAF331F8-9255-4D72-A1A8-A54141E99F1E}.Release|x86.Build.0 = Release|Any CPU
		{4F15A8F8-5BC6-45A1-BC51-03F921B726A4}.Debug|Any CPU.ActiveCfg = Debug|Any CPU
		{4F15A8F8-5BC6-45A1-BC51-03F921B726A4}.Debug|Any CPU.Build.0 = Debug|Any CPU
		{4F15A8F8-5BC6-45A1-BC51-03F921B726A4}.Debug|x64.ActiveCfg = Debug|Any CPU
		{4F15A8F8-5BC6-45A1-BC51-03F921B726A4}.Debug|x64.Build.0 = Debug|Any CPU
		{4F15A8F8-5BC6-45A1-BC51-03F921B726A4}.Debug|x86.ActiveCfg = Debug|Any CPU
		{4F15A8F8-5BC6-45A1-BC51-03F921B726A4}.Debug|x86.Build.0 = Debug|Any CPU
		{4F15A8F8-5BC6-45A1-BC51-03F921B726A4}.Release|Any CPU.ActiveCfg = Release|Any CPU
		{4F15A8F8-5BC6-45A1-BC51-03F921B726A4}.Release|Any CPU.Build.0 = Release|Any CPU
		{4F15A8F8-5BC6-45A1-BC51-03F921B726A4}.Release|x64.ActiveCfg = Release|Any CPU
		{4F15A8F8-5BC6-45A1-BC51-03F921B726A4}.Release|x64.Build.0 = Release|Any CPU
		{4F15A8F8-5BC6-45A1-BC51-03F921B726A4}.Release|x86.ActiveCfg = Release|Any CPU
		{4F15A8F8-5BC6-45A1-BC51-03F921B726A4}.Release|x86.Build.0 = Release|Any CPU
		{8788FF65-C2B6-40B2-A3A0-1E3D91C02664}.Debug|Any CPU.ActiveCfg = Debug|Any CPU
		{8788FF65-C2B6-40B2-A3A0-1E3D91C02664}.Debug|Any CPU.Build.0 = Debug|Any CPU
		{8788FF65-C2B6-40B2-A3A0-1E3D91C02664}.Debug|x64.ActiveCfg = Debug|Any CPU
		{8788FF65-C2B6-40B2-A3A0-1E3D91C02664}.Debug|x64.Build.0 = Debug|Any CPU
		{8788FF65-C2B6-40B2-A3A0-1E3D91C02664}.Debug|x86.ActiveCfg = Debug|Any CPU
		{8788FF65-C2B6-40B2-A3A0-1E3D91C02664}.Debug|x86.Build.0 = Debug|Any CPU
		{8788FF65-C2B6-40B2-A3A0-1E3D91C02664}.Release|Any CPU.ActiveCfg = Release|Any CPU
		{8788FF65-C2B6-40B2-A3A0-1E3D91C02664}.Release|Any CPU.Build.0 = Release|Any CPU
		{8788FF65-C2B6-40B2-A3A0-1E3D91C02664}.Release|x64.ActiveCfg = Release|Any CPU
		{8788FF65-C2B6-40B2-A3A0-1E3D91C02664}.Release|x64.Build.0 = Release|Any CPU
		{8788FF65-C2B6-40B2-A3A0-1E3D91C02664}.Release|x86.ActiveCfg = Release|Any CPU
		{8788FF65-C2B6-40B2-A3A0-1E3D91C02664}.Release|x86.Build.0 = Release|Any CPU
		{03032A2F-664D-4DD8-A82F-AD8A482EDD85}.Debug|Any CPU.ActiveCfg = Debug|Any CPU
		{03032A2F-664D-4DD8-A82F-AD8A482EDD85}.Debug|Any CPU.Build.0 = Debug|Any CPU
		{03032A2F-664D-4DD8-A82F-AD8A482EDD85}.Debug|x64.ActiveCfg = Debug|Any CPU
		{03032A2F-664D-4DD8-A82F-AD8A482EDD85}.Debug|x64.Build.0 = Debug|Any CPU
		{03032A2F-664D-4DD8-A82F-AD8A482EDD85}.Debug|x86.ActiveCfg = Debug|Any CPU
		{03032A2F-664D-4DD8-A82F-AD8A482EDD85}.Debug|x86.Build.0 = Debug|Any CPU
		{03032A2F-664D-4DD8-A82F-AD8A482EDD85}.Release|Any CPU.ActiveCfg = Release|Any CPU
		{03032A2F-664D-4DD8-A82F-AD8A482EDD85}.Release|Any CPU.Build.0 = Release|Any CPU
		{03032A2F-664D-4DD8-A82F-AD8A482EDD85}.Release|x64.ActiveCfg = Release|Any CPU
		{03032A2F-664D-4DD8-A82F-AD8A482EDD85}.Release|x64.Build.0 = Release|Any CPU
		{03032A2F-664D-4DD8-A82F-AD8A482EDD85}.Release|x86.ActiveCfg = Release|Any CPU
		{03032A2F-664D-4DD8-A82F-AD8A482EDD85}.Release|x86.Build.0 = Release|Any CPU
		{DF0FCFB2-CB12-44BA-BBB5-1BE0BCFCD14C}.Debug|Any CPU.ActiveCfg = Debug|Any CPU
		{DF0FCFB2-CB12-44BA-BBB5-1BE0BCFCD14C}.Debug|Any CPU.Build.0 = Debug|Any CPU
		{DF0FCFB2-CB12-44BA-BBB5-1BE0BCFCD14C}.Debug|x64.ActiveCfg = Debug|Any CPU
		{DF0FCFB2-CB12-44BA-BBB5-1BE0BCFCD14C}.Debug|x64.Build.0 = Debug|Any CPU
		{DF0FCFB2-CB12-44BA-BBB5-1BE0BCFCD14C}.Debug|x86.ActiveCfg = Debug|Any CPU
		{DF0FCFB2-CB12-44BA-BBB5-1BE0BCFCD14C}.Debug|x86.Build.0 = Debug|Any CPU
		{DF0FCFB2-CB12-44BA-BBB5-1BE0BCFCD14C}.Release|Any CPU.ActiveCfg = Release|Any CPU
		{DF0FCFB2-CB12-44BA-BBB5-1BE0BCFCD14C}.Release|Any CPU.Build.0 = Release|Any CPU
		{DF0FCFB2-CB12-44BA-BBB5-1BE0BCFCD14C}.Release|x64.ActiveCfg = Release|Any CPU
		{DF0FCFB2-CB12-44BA-BBB5-1BE0BCFCD14C}.Release|x64.Build.0 = Release|Any CPU
		{DF0FCFB2-CB12-44BA-BBB5-1BE0BCFCD14C}.Release|x86.ActiveCfg = Release|Any CPU
		{DF0FCFB2-CB12-44BA-BBB5-1BE0BCFCD14C}.Release|x86.Build.0 = Release|Any CPU
		{C916EBDA-3429-4FEA-AFB3-DF7CA32A8C6A}.Debug|Any CPU.ActiveCfg = Debug|Any CPU
		{C916EBDA-3429-4FEA-AFB3-DF7CA32A8C6A}.Debug|Any CPU.Build.0 = Debug|Any CPU
		{C916EBDA-3429-4FEA-AFB3-DF7CA32A8C6A}.Debug|x64.ActiveCfg = Debug|Any CPU
		{C916EBDA-3429-4FEA-AFB3-DF7CA32A8C6A}.Debug|x64.Build.0 = Debug|Any CPU
		{C916EBDA-3429-4FEA-AFB3-DF7CA32A8C6A}.Debug|x86.ActiveCfg = Debug|Any CPU
		{C916EBDA-3429-4FEA-AFB3-DF7CA32A8C6A}.Debug|x86.Build.0 = Debug|Any CPU
		{C916EBDA-3429-4FEA-AFB3-DF7CA32A8C6A}.Release|Any CPU.ActiveCfg = Release|Any CPU
		{C916EBDA-3429-4FEA-AFB3-DF7CA32A8C6A}.Release|Any CPU.Build.0 = Release|Any CPU
		{C916EBDA-3429-4FEA-AFB3-DF7CA32A8C6A}.Release|x64.ActiveCfg = Release|Any CPU
		{C916EBDA-3429-4FEA-AFB3-DF7CA32A8C6A}.Release|x64.Build.0 = Release|Any CPU
		{C916EBDA-3429-4FEA-AFB3-DF7CA32A8C6A}.Release|x86.ActiveCfg = Release|Any CPU
		{C916EBDA-3429-4FEA-AFB3-DF7CA32A8C6A}.Release|x86.Build.0 = Release|Any CPU
		{789085E1-048F-4996-B600-791B9CA3A663}.Debug|Any CPU.ActiveCfg = Debug|Any CPU
		{789085E1-048F-4996-B600-791B9CA3A663}.Debug|Any CPU.Build.0 = Debug|Any CPU
		{789085E1-048F-4996-B600-791B9CA3A663}.Debug|x64.ActiveCfg = Debug|Any CPU
		{789085E1-048F-4996-B600-791B9CA3A663}.Debug|x64.Build.0 = Debug|Any CPU
		{789085E1-048F-4996-B600-791B9CA3A663}.Debug|x86.ActiveCfg = Debug|Any CPU
		{789085E1-048F-4996-B600-791B9CA3A663}.Debug|x86.Build.0 = Debug|Any CPU
		{789085E1-048F-4996-B600-791B9CA3A663}.Release|Any CPU.ActiveCfg = Release|Any CPU
		{789085E1-048F-4996-B600-791B9CA3A663}.Release|Any CPU.Build.0 = Release|Any CPU
		{789085E1-048F-4996-B600-791B9CA3A663}.Release|x64.ActiveCfg = Release|Any CPU
		{789085E1-048F-4996-B600-791B9CA3A663}.Release|x64.Build.0 = Release|Any CPU
		{789085E1-048F-4996-B600-791B9CA3A663}.Release|x86.ActiveCfg = Release|Any CPU
		{789085E1-048F-4996-B600-791B9CA3A663}.Release|x86.Build.0 = Release|Any CPU
		{8BCFF95F-4850-427C-AEDB-B5B4F62B2C7B}.Debug|Any CPU.ActiveCfg = Debug|Any CPU
		{8BCFF95F-4850-427C-AEDB-B5B4F62B2C7B}.Debug|Any CPU.Build.0 = Debug|Any CPU
		{8BCFF95F-4850-427C-AEDB-B5B4F62B2C7B}.Debug|x64.ActiveCfg = Debug|Any CPU
		{8BCFF95F-4850-427C-AEDB-B5B4F62B2C7B}.Debug|x64.Build.0 = Debug|Any CPU
		{8BCFF95F-4850-427C-AEDB-B5B4F62B2C7B}.Debug|x86.ActiveCfg = Debug|Any CPU
		{8BCFF95F-4850-427C-AEDB-B5B4F62B2C7B}.Debug|x86.Build.0 = Debug|Any CPU
		{8BCFF95F-4850-427C-AEDB-B5B4F62B2C7B}.Release|Any CPU.ActiveCfg = Release|Any CPU
		{8BCFF95F-4850-427C-AEDB-B5B4F62B2C7B}.Release|Any CPU.Build.0 = Release|Any CPU
		{8BCFF95F-4850-427C-AEDB-B5B4F62B2C7B}.Release|x64.ActiveCfg = Release|Any CPU
		{8BCFF95F-4850-427C-AEDB-B5B4F62B2C7B}.Release|x64.Build.0 = Release|Any CPU
		{8BCFF95F-4850-427C-AEDB-B5B4F62B2C7B}.Release|x86.ActiveCfg = Release|Any CPU
		{8BCFF95F-4850-427C-AEDB-B5B4F62B2C7B}.Release|x86.Build.0 = Release|Any CPU
		{21D27239-138D-4604-8E49-DCBE41BCE4C8}.Debug|Any CPU.ActiveCfg = Debug|Any CPU
		{21D27239-138D-4604-8E49-DCBE41BCE4C8}.Debug|Any CPU.Build.0 = Debug|Any CPU
		{21D27239-138D-4604-8E49-DCBE41BCE4C8}.Debug|x64.ActiveCfg = Debug|Any CPU
		{21D27239-138D-4604-8E49-DCBE41BCE4C8}.Debug|x64.Build.0 = Debug|Any CPU
		{21D27239-138D-4604-8E49-DCBE41BCE4C8}.Debug|x86.ActiveCfg = Debug|Any CPU
		{21D27239-138D-4604-8E49-DCBE41BCE4C8}.Debug|x86.Build.0 = Debug|Any CPU
		{21D27239-138D-4604-8E49-DCBE41BCE4C8}.Release|Any CPU.ActiveCfg = Release|Any CPU
		{21D27239-138D-4604-8E49-DCBE41BCE4C8}.Release|Any CPU.Build.0 = Release|Any CPU
		{21D27239-138D-4604-8E49-DCBE41BCE4C8}.Release|x64.ActiveCfg = Release|Any CPU
		{21D27239-138D-4604-8E49-DCBE41BCE4C8}.Release|x64.Build.0 = Release|Any CPU
		{21D27239-138D-4604-8E49-DCBE41BCE4C8}.Release|x86.ActiveCfg = Release|Any CPU
		{21D27239-138D-4604-8E49-DCBE41BCE4C8}.Release|x86.Build.0 = Release|Any CPU
		{067FFD7A-C66B-473D-8471-37F5C95DF61C}.Debug|Any CPU.ActiveCfg = Debug|Any CPU
		{067FFD7A-C66B-473D-8471-37F5C95DF61C}.Debug|Any CPU.Build.0 = Debug|Any CPU
		{067FFD7A-C66B-473D-8471-37F5C95DF61C}.Debug|x64.ActiveCfg = Debug|Any CPU
		{067FFD7A-C66B-473D-8471-37F5C95DF61C}.Debug|x64.Build.0 = Debug|Any CPU
		{067FFD7A-C66B-473D-8471-37F5C95DF61C}.Debug|x86.ActiveCfg = Debug|Any CPU
		{067FFD7A-C66B-473D-8471-37F5C95DF61C}.Debug|x86.Build.0 = Debug|Any CPU
		{067FFD7A-C66B-473D-8471-37F5C95DF61C}.Release|Any CPU.ActiveCfg = Release|Any CPU
		{067FFD7A-C66B-473D-8471-37F5C95DF61C}.Release|Any CPU.Build.0 = Release|Any CPU
		{067FFD7A-C66B-473D-8471-37F5C95DF61C}.Release|x64.ActiveCfg = Release|Any CPU
		{067FFD7A-C66B-473D-8471-37F5C95DF61C}.Release|x64.Build.0 = Release|Any CPU
		{067FFD7A-C66B-473D-8471-37F5C95DF61C}.Release|x86.ActiveCfg = Release|Any CPU
		{067FFD7A-C66B-473D-8471-37F5C95DF61C}.Release|x86.Build.0 = Release|Any CPU
		{6CAFDDBE-00AB-4784-801B-AB419C3C3A26}.Debug|Any CPU.ActiveCfg = Debug|Any CPU
		{6CAFDDBE-00AB-4784-801B-AB419C3C3A26}.Debug|Any CPU.Build.0 = Debug|Any CPU
		{6CAFDDBE-00AB-4784-801B-AB419C3C3A26}.Debug|x64.ActiveCfg = Debug|Any CPU
		{6CAFDDBE-00AB-4784-801B-AB419C3C3A26}.Debug|x64.Build.0 = Debug|Any CPU
		{6CAFDDBE-00AB-4784-801B-AB419C3C3A26}.Debug|x86.ActiveCfg = Debug|Any CPU
		{6CAFDDBE-00AB-4784-801B-AB419C3C3A26}.Debug|x86.Build.0 = Debug|Any CPU
		{6CAFDDBE-00AB-4784-801B-AB419C3C3A26}.Release|Any CPU.ActiveCfg = Release|Any CPU
		{6CAFDDBE-00AB-4784-801B-AB419C3C3A26}.Release|Any CPU.Build.0 = Release|Any CPU
		{6CAFDDBE-00AB-4784-801B-AB419C3C3A26}.Release|x64.ActiveCfg = Release|Any CPU
		{6CAFDDBE-00AB-4784-801B-AB419C3C3A26}.Release|x64.Build.0 = Release|Any CPU
		{6CAFDDBE-00AB-4784-801B-AB419C3C3A26}.Release|x86.ActiveCfg = Release|Any CPU
		{6CAFDDBE-00AB-4784-801B-AB419C3C3A26}.Release|x86.Build.0 = Release|Any CPU
		{EC3202C6-1D4C-4B14-A599-B9D3F27FE3BA}.Debug|Any CPU.ActiveCfg = Debug|Any CPU
		{EC3202C6-1D4C-4B14-A599-B9D3F27FE3BA}.Debug|Any CPU.Build.0 = Debug|Any CPU
		{EC3202C6-1D4C-4B14-A599-B9D3F27FE3BA}.Debug|x64.ActiveCfg = Debug|Any CPU
		{EC3202C6-1D4C-4B14-A599-B9D3F27FE3BA}.Debug|x64.Build.0 = Debug|Any CPU
		{EC3202C6-1D4C-4B14-A599-B9D3F27FE3BA}.Debug|x86.ActiveCfg = Debug|Any CPU
		{EC3202C6-1D4C-4B14-A599-B9D3F27FE3BA}.Debug|x86.Build.0 = Debug|Any CPU
		{EC3202C6-1D4C-4B14-A599-B9D3F27FE3BA}.Release|Any CPU.ActiveCfg = Release|Any CPU
		{EC3202C6-1D4C-4B14-A599-B9D3F27FE3BA}.Release|Any CPU.Build.0 = Release|Any CPU
		{EC3202C6-1D4C-4B14-A599-B9D3F27FE3BA}.Release|x64.ActiveCfg = Release|Any CPU
		{EC3202C6-1D4C-4B14-A599-B9D3F27FE3BA}.Release|x64.Build.0 = Release|Any CPU
		{EC3202C6-1D4C-4B14-A599-B9D3F27FE3BA}.Release|x86.ActiveCfg = Release|Any CPU
		{EC3202C6-1D4C-4B14-A599-B9D3F27FE3BA}.Release|x86.Build.0 = Release|Any CPU
		{210FD61E-FF5D-4CEE-8E0D-C739ECCCBA21}.Debug|Any CPU.ActiveCfg = Debug|Any CPU
		{210FD61E-FF5D-4CEE-8E0D-C739ECCCBA21}.Debug|Any CPU.Build.0 = Debug|Any CPU
		{210FD61E-FF5D-4CEE-8E0D-C739ECCCBA21}.Debug|x64.ActiveCfg = Debug|Any CPU
		{210FD61E-FF5D-4CEE-8E0D-C739ECCCBA21}.Debug|x64.Build.0 = Debug|Any CPU
		{210FD61E-FF5D-4CEE-8E0D-C739ECCCBA21}.Debug|x86.ActiveCfg = Debug|Any CPU
		{210FD61E-FF5D-4CEE-8E0D-C739ECCCBA21}.Debug|x86.Build.0 = Debug|Any CPU
		{210FD61E-FF5D-4CEE-8E0D-C739ECCCBA21}.Release|Any CPU.ActiveCfg = Release|Any CPU
		{210FD61E-FF5D-4CEE-8E0D-C739ECCCBA21}.Release|Any CPU.Build.0 = Release|Any CPU
		{210FD61E-FF5D-4CEE-8E0D-C739ECCCBA21}.Release|x64.ActiveCfg = Release|Any CPU
		{210FD61E-FF5D-4CEE-8E0D-C739ECCCBA21}.Release|x64.Build.0 = Release|Any CPU
		{210FD61E-FF5D-4CEE-8E0D-C739ECCCBA21}.Release|x86.ActiveCfg = Release|Any CPU
		{210FD61E-FF5D-4CEE-8E0D-C739ECCCBA21}.Release|x86.Build.0 = Release|Any CPU
	EndGlobalSection
	GlobalSection(SolutionProperties) = preSolution
		HideSolutionNode = FALSE
	EndGlobalSection
	GlobalSection(NestedProjects) = preSolution
		{026FBC6C-AF76-4568-9B87-EC73457899FD} = {7A2B7ADD-ECB5-4D00-AA6A-D45BD11C97CF}
		{CAF331F8-9255-4D72-A1A8-A54141E99F1E} = {24B15015-62E5-42E1-9BA0-ECE6BE7AA15F}
		{4F15A8F8-5BC6-45A1-BC51-03F921B726A4} = {24B15015-62E5-42E1-9BA0-ECE6BE7AA15F}
		{8788FF65-C2B6-40B2-A3A0-1E3D91C02664} = {24B15015-62E5-42E1-9BA0-ECE6BE7AA15F}
		{03032A2F-664D-4DD8-A82F-AD8A482EDD85} = {24B15015-62E5-42E1-9BA0-ECE6BE7AA15F}
		{DF0FCFB2-CB12-44BA-BBB5-1BE0BCFCD14C} = {076E1AE4-FD25-4684-B826-CAAE37FEA0AA}
		{C916EBDA-3429-4FEA-AFB3-DF7CA32A8C6A} = {026FBC6C-AF76-4568-9B87-EC73457899FD}
		{789085E1-048F-4996-B600-791B9CA3A663} = {026FBC6C-AF76-4568-9B87-EC73457899FD}
		{8BCFF95F-4850-427C-AEDB-B5B4F62B2C7B} = {026FBC6C-AF76-4568-9B87-EC73457899FD}
		{21D27239-138D-4604-8E49-DCBE41BCE4C8} = {7A2B7ADD-ECB5-4D00-AA6A-D45BD11C97CF}
		{6CAFDDBE-00AB-4784-801B-AB419C3C3A26} = {026FBC6C-AF76-4568-9B87-EC73457899FD}
		{EC3202C6-1D4C-4B14-A599-B9D3F27FE3BA} = {24B15015-62E5-42E1-9BA0-ECE6BE7AA15F}
		{210FD61E-FF5D-4CEE-8E0D-C739ECCCBA21} = {24B15015-62E5-42E1-9BA0-ECE6BE7AA15F}
	EndGlobalSection
	GlobalSection(ExtensibilityGlobals) = postSolution
		SolutionGuid = {A2421882-8F0A-4905-928F-B550B192F9A4}
	EndGlobalSection
EndGlobal
